// !$*UTF8*$!
{
	archiveVersion = 1;
	classes = {
	};
	objectVersion = 46;
	objects = {

/* Begin PBXBuildFile section */
		611E9AEA1E52AC8800EAFF43 /* main.m in Sources */ = {isa = PBXBuildFile; fileRef = 611E9AE91E52AC8800EAFF43 /* main.m */; };
		611E9AED1E52AC8800EAFF43 /* AppDelegate.m in Sources */ = {isa = PBXBuildFile; fileRef = 611E9AEC1E52AC8800EAFF43 /* AppDelegate.m */; };
		611E9AEF1E52AC8800EAFF43 /* Assets.xcassets in Resources */ = {isa = PBXBuildFile; fileRef = 611E9AEE1E52AC8800EAFF43 /* Assets.xcassets */; };
		611E9AF21E52AC8800EAFF43 /* LaunchScreen.storyboard in Resources */ = {isa = PBXBuildFile; fileRef = 611E9AF01E52AC8800EAFF43 /* LaunchScreen.storyboard */; };
		611E9AFD1E52AC8800EAFF43 /* DKSWebViewTests.m in Sources */ = {isa = PBXBuildFile; fileRef = 611E9AFC1E52AC8800EAFF43 /* DKSWebViewTests.m */; };
		611E9B081E52AC8800EAFF43 /* DKSWebViewUITests.m in Sources */ = {isa = PBXBuildFile; fileRef = 611E9B071E52AC8800EAFF43 /* DKSWebViewUITests.m */; };
		611E9B181E52ADB200EAFF43 /* RootViewController.m in Sources */ = {isa = PBXBuildFile; fileRef = 611E9B161E52ADB200EAFF43 /* RootViewController.m */; };
		611E9B191E52ADB200EAFF43 /* RootViewController.xib in Resources */ = {isa = PBXBuildFile; fileRef = 611E9B171E52ADB200EAFF43 /* RootViewController.xib */; };
		611E9B1C1E52AF1E00EAFF43 /* DKSWebViewController.m in Sources */ = {isa = PBXBuildFile; fileRef = 611E9B1B1E52AF1E00EAFF43 /* DKSWebViewController.m */; };
		611E9B1F1E52B07400EAFF43 /* DKSHTMLController.m in Sources */ = {isa = PBXBuildFile; fileRef = 611E9B1E1E52B07400EAFF43 /* DKSHTMLController.m */; };
/* End PBXBuildFile section */

/* Begin PBXContainerItemProxy section */
		611E9AF91E52AC8800EAFF43 /* PBXContainerItemProxy */ = {
			isa = PBXContainerItemProxy;
			containerPortal = 611E9ADD1E52AC8800EAFF43 /* Project object */;
			proxyType = 1;
			remoteGlobalIDString = 611E9AE41E52AC8800EAFF43;
			remoteInfo = DKSWebView;
		};
		611E9B041E52AC8800EAFF43 /* PBXContainerItemProxy */ = {
			isa = PBXContainerItemProxy;
			containerPortal = 611E9ADD1E52AC8800EAFF43 /* Project object */;
			proxyType = 1;
			remoteGlobalIDString = 611E9AE41E52AC8800EAFF43;
			remoteInfo = DKSWebView;
		};
/* End PBXContainerItemProxy section */

/* Begin PBXFileReference section */
		611E9AE51E52AC8800EAFF43 /* DKSWebView.app */ = {isa = PBXFileReference; explicitFileType = wrapper.application; includeInIndex = 0; path = DKSWebView.app; sourceTree = BUILT_PRODUCTS_DIR; };
		611E9AE91E52AC8800EAFF43 /* main.m */ = {isa = PBXFileReference; lastKnownFileType = sourcecode.c.objc; path = main.m; sourceTree = "<group>"; };
		611E9AEB1E52AC8800EAFF43 /* AppDelegate.h */ = {isa = PBXFileReference; lastKnownFileType = sourcecode.c.h; path = AppDelegate.h; sourceTree = "<group>"; };
		611E9AEC1E52AC8800EAFF43 /* AppDelegate.m */ = {isa = PBXFileReference; lastKnownFileType = sourcecode.c.objc; path = AppDelegate.m; sourceTree = "<group>"; };
		611E9AEE1E52AC8800EAFF43 /* Assets.xcassets */ = {isa = PBXFileReference; lastKnownFileType = folder.assetcatalog; path = Assets.xcassets; sourceTree = "<group>"; };
		611E9AF11E52AC8800EAFF43 /* Base */ = {isa = PBXFileReference; lastKnownFileType = file.storyboard; name = Base; path = Base.lproj/LaunchScreen.storyboard; sourceTree = "<group>"; };
		611E9AF31E52AC8800EAFF43 /* Info.plist */ = {isa = PBXFileReference; lastKnownFileType = text.plist.xml; path = Info.plist; sourceTree = "<group>"; };
		611E9AF81E52AC8800EAFF43 /* DKSWebViewTests.xctest */ = {isa = PBXFileReference; explicitFileType = wrapper.cfbundle; includeInIndex = 0; path = DKSWebViewTests.xctest; sourceTree = BUILT_PRODUCTS_DIR; };
		611E9AFC1E52AC8800EAFF43 /* DKSWebViewTests.m */ = {isa = PBXFileReference; lastKnownFileType = sourcecode.c.objc; path = DKSWebViewTests.m; sourceTree = "<group>"; };
		611E9AFE1E52AC8800EAFF43 /* Info.plist */ = {isa = PBXFileReference; lastKnownFileType = text.plist.xml; path = Info.plist; sourceTree = "<group>"; };
		611E9B031E52AC8800EAFF43 /* DKSWebViewUITests.xctest */ = {isa = PBXFileReference; explicitFileType = wrapper.cfbundle; includeInIndex = 0; path = DKSWebViewUITests.xctest; sourceTree = BUILT_PRODUCTS_DIR; };
		611E9B071E52AC8800EAFF43 /* DKSWebViewUITests.m */ = {isa = PBXFileReference; lastKnownFileType = sourcecode.c.objc; path = DKSWebViewUITests.m; sourceTree = "<group>"; };
		611E9B091E52AC8800EAFF43 /* Info.plist */ = {isa = PBXFileReference; lastKnownFileType = text.plist.xml; path = Info.plist; sourceTree = "<group>"; };
		611E9B151E52ADB200EAFF43 /* RootViewController.h */ = {isa = PBXFileReference; fileEncoding = 4; lastKnownFileType = sourcecode.c.h; path = RootViewController.h; sourceTree = "<group>"; };
		611E9B161E52ADB200EAFF43 /* RootViewController.m */ = {isa = PBXFileReference; fileEncoding = 4; lastKnownFileType = sourcecode.c.objc; path = RootViewController.m; sourceTree = "<group>"; };
		611E9B171E52ADB200EAFF43 /* RootViewController.xib */ = {isa = PBXFileReference; fileEncoding = 4; lastKnownFileType = file.xib; path = RootViewController.xib; sourceTree = "<group>"; };
		611E9B1A1E52AF1E00EAFF43 /* DKSWebViewController.h */ = {isa = PBXFileReference; fileEncoding = 4; lastKnownFileType = sourcecode.c.h; path = DKSWebViewController.h; sourceTree = "<group>"; };
		611E9B1B1E52AF1E00EAFF43 /* DKSWebViewController.m */ = {isa = PBXFileReference; fileEncoding = 4; lastKnownFileType = sourcecode.c.objc; path = DKSWebViewController.m; sourceTree = "<group>"; };
		611E9B1D1E52B07400EAFF43 /* DKSHTMLController.h */ = {isa = PBXFileReference; fileEncoding = 4; lastKnownFileType = sourcecode.c.h; path = DKSHTMLController.h; sourceTree = "<group>"; };
		611E9B1E1E52B07400EAFF43 /* DKSHTMLController.m */ = {isa = PBXFileReference; fileEncoding = 4; lastKnownFileType = sourcecode.c.objc; path = DKSHTMLController.m; sourceTree = "<group>"; };
/* End PBXFileReference section */

/* Begin PBXFrameworksBuildPhase section */
		611E9AE21E52AC8800EAFF43 /* Frameworks */ = {
			isa = PBXFrameworksBuildPhase;
			buildActionMask = 2147483647;
			files = (
			);
			runOnlyForDeploymentPostprocessing = 0;
		};
		611E9AF51E52AC8800EAFF43 /* Frameworks */ = {
			isa = PBXFrameworksBuildPhase;
			buildActionMask = 2147483647;
			files = (
			);
			runOnlyForDeploymentPostprocessing = 0;
		};
		611E9B001E52AC8800EAFF43 /* Frameworks */ = {
			isa = PBXFrameworksBuildPhase;
			buildActionMask = 2147483647;
			files = (
			);
			runOnlyForDeploymentPostprocessing = 0;
		};
/* End PBXFrameworksBuildPhase section */

/* Begin PBXGroup section */
		611E9ADC1E52AC8800EAFF43 = {
			isa = PBXGroup;
			children = (
				611E9AE71E52AC8800EAFF43 /* DKSWebView */,
				611E9AFB1E52AC8800EAFF43 /* DKSWebViewTests */,
				611E9B061E52AC8800EAFF43 /* DKSWebViewUITests */,
				611E9AE61E52AC8800EAFF43 /* Products */,
			);
			sourceTree = "<group>";
		};
		611E9AE61E52AC8800EAFF43 /* Products */ = {
			isa = PBXGroup;
			children = (
				611E9AE51E52AC8800EAFF43 /* DKSWebView.app */,
				611E9AF81E52AC8800EAFF43 /* DKSWebViewTests.xctest */,
				611E9B031E52AC8800EAFF43 /* DKSWebViewUITests.xctest */,
			);
			name = Products;
			sourceTree = "<group>";
		};
		611E9AE71E52AC8800EAFF43 /* DKSWebView */ = {
			isa = PBXGroup;
			children = (
				611E9AEB1E52AC8800EAFF43 /* AppDelegate.h */,
				611E9AEC1E52AC8800EAFF43 /* AppDelegate.m */,
				611E9B151E52ADB200EAFF43 /* RootViewController.h */,
				611E9B161E52ADB200EAFF43 /* RootViewController.m */,
				611E9B171E52ADB200EAFF43 /* RootViewController.xib */,
				611E9B1D1E52B07400EAFF43 /* DKSHTMLController.h */,
				611E9B1E1E52B07400EAFF43 /* DKSHTMLController.m */,
				611E9B1A1E52AF1E00EAFF43 /* DKSWebViewController.h */,
				611E9B1B1E52AF1E00EAFF43 /* DKSWebViewController.m */,
				611E9AEE1E52AC8800EAFF43 /* Assets.xcassets */,
				611E9AF01E52AC8800EAFF43 /* LaunchScreen.storyboard */,
				611E9AF31E52AC8800EAFF43 /* Info.plist */,
				611E9AE81E52AC8800EAFF43 /* Supporting Files */,
			);
			path = DKSWebView;
			sourceTree = "<group>";
		};
		611E9AE81E52AC8800EAFF43 /* Supporting Files */ = {
			isa = PBXGroup;
			children = (
				611E9AE91E52AC8800EAFF43 /* main.m */,
			);
			name = "Supporting Files";
			sourceTree = "<group>";
		};
		611E9AFB1E52AC8800EAFF43 /* DKSWebViewTests */ = {
			isa = PBXGroup;
			children = (
				611E9AFC1E52AC8800EAFF43 /* DKSWebViewTests.m */,
				611E9AFE1E52AC8800EAFF43 /* Info.plist */,
			);
			path = DKSWebViewTests;
			sourceTree = "<group>";
		};
		611E9B061E52AC8800EAFF43 /* DKSWebViewUITests */ = {
			isa = PBXGroup;
			children = (
				611E9B071E52AC8800EAFF43 /* DKSWebViewUITests.m */,
				611E9B091E52AC8800EAFF43 /* Info.plist */,
			);
			path = DKSWebViewUITests;
			sourceTree = "<group>";
		};
/* End PBXGroup section */

/* Begin PBXNativeTarget section */
		611E9AE41E52AC8800EAFF43 /* DKSWebView */ = {
			isa = PBXNativeTarget;
			buildConfigurationList = 611E9B0C1E52AC8800EAFF43 /* Build configuration list for PBXNativeTarget "DKSWebView" */;
			buildPhases = (
				611E9AE11E52AC8800EAFF43 /* Sources */,
				611E9AE21E52AC8800EAFF43 /* Frameworks */,
				611E9AE31E52AC8800EAFF43 /* Resources */,
			);
			buildRules = (
			);
			dependencies = (
			);
			name = DKSWebView;
			productName = DKSWebView;
			productReference = 611E9AE51E52AC8800EAFF43 /* DKSWebView.app */;
			productType = "com.apple.product-type.application";
		};
		611E9AF71E52AC8800EAFF43 /* DKSWebViewTests */ = {
			isa = PBXNativeTarget;
			buildConfigurationList = 611E9B0F1E52AC8800EAFF43 /* Build configuration list for PBXNativeTarget "DKSWebViewTests" */;
			buildPhases = (
				611E9AF41E52AC8800EAFF43 /* Sources */,
				611E9AF51E52AC8800EAFF43 /* Frameworks */,
				611E9AF61E52AC8800EAFF43 /* Resources */,
			);
			buildRules = (
			);
			dependencies = (
				611E9AFA1E52AC8800EAFF43 /* PBXTargetDependency */,
			);
			name = DKSWebViewTests;
			productName = DKSWebViewTests;
			productReference = 611E9AF81E52AC8800EAFF43 /* DKSWebViewTests.xctest */;
			productType = "com.apple.product-type.bundle.unit-test";
		};
		611E9B021E52AC8800EAFF43 /* DKSWebViewUITests */ = {
			isa = PBXNativeTarget;
			buildConfigurationList = 611E9B121E52AC8800EAFF43 /* Build configuration list for PBXNativeTarget "DKSWebViewUITests" */;
			buildPhases = (
				611E9AFF1E52AC8800EAFF43 /* Sources */,
				611E9B001E52AC8800EAFF43 /* Frameworks */,
				611E9B011E52AC8800EAFF43 /* Resources */,
			);
			buildRules = (
			);
			dependencies = (
				611E9B051E52AC8800EAFF43 /* PBXTargetDependency */,
			);
			name = DKSWebViewUITests;
			productName = DKSWebViewUITests;
			productReference = 611E9B031E52AC8800EAFF43 /* DKSWebViewUITests.xctest */;
			productType = "com.apple.product-type.bundle.ui-testing";
		};
/* End PBXNativeTarget section */

/* Begin PBXProject section */
		611E9ADD1E52AC8800EAFF43 /* Project object */ = {
			isa = PBXProject;
			attributes = {
				LastUpgradeCheck = 0820;
				ORGANIZATIONNAME = DuKaiShun;
				TargetAttributes = {
					611E9AE41E52AC8800EAFF43 = {
						CreatedOnToolsVersion = 8.2.1;
						DevelopmentTeam = X42645MK9G;
						ProvisioningStyle = Automatic;
					};
					611E9AF71E52AC8800EAFF43 = {
						CreatedOnToolsVersion = 8.2.1;
						DevelopmentTeam = X42645MK9G;
						ProvisioningStyle = Automatic;
						TestTargetID = 611E9AE41E52AC8800EAFF43;
					};
					611E9B021E52AC8800EAFF43 = {
						CreatedOnToolsVersion = 8.2.1;
						DevelopmentTeam = X42645MK9G;
						ProvisioningStyle = Automatic;
						TestTargetID = 611E9AE41E52AC8800EAFF43;
					};
				};
			};
			buildConfigurationList = 611E9AE01E52AC8800EAFF43 /* Build configuration list for PBXProject "DKSWebView" */;
			compatibilityVersion = "Xcode 3.2";
			developmentRegion = English;
			hasScannedForEncodings = 0;
			knownRegions = (
				en,
				Base,
			);
			mainGroup = 611E9ADC1E52AC8800EAFF43;
			productRefGroup = 611E9AE61E52AC8800EAFF43 /* Products */;
			projectDirPath = "";
			projectRoot = "";
			targets = (
				611E9AE41E52AC8800EAFF43 /* DKSWebView */,
				611E9AF71E52AC8800EAFF43 /* DKSWebViewTests */,
				611E9B021E52AC8800EAFF43 /* DKSWebViewUITests */,
			);
		};
/* End PBXProject section */

/* Begin PBXResourcesBuildPhase section */
		611E9AE31E52AC8800EAFF43 /* Resources */ = {
			isa = PBXResourcesBuildPhase;
			buildActionMask = 2147483647;
			files = (
				611E9AEF1E52AC8800EAFF43 /* Assets.xcassets in Resources */,
				611E9AF21E52AC8800EAFF43 /* LaunchScreen.storyboard in Resources */,
				611E9B191E52ADB200EAFF43 /* RootViewController.xib in Resources */,
			);
			runOnlyForDeploymentPostprocessing = 0;
		};
		611E9AF61E52AC8800EAFF43 /* Resources */ = {
			isa = PBXResourcesBuildPhase;
			buildActionMask = 2147483647;
			files = (
			);
			runOnlyForDeploymentPostprocessing = 0;
		};
		611E9B011E52AC8800EAFF43 /* Resources */ = {
			isa = PBXResourcesBuildPhase;
			buildActionMask = 2147483647;
			files = (
			);
			runOnlyForDeploymentPostprocessing = 0;
		};
/* End PBXResourcesBuildPhase section */

/* Begin PBXSourcesBuildPhase section */
		611E9AE11E52AC8800EAFF43 /* Sources */ = {
			isa = PBXSourcesBuildPhase;
			buildActionMask = 2147483647;
			files = (
				611E9B1C1E52AF1E00EAFF43 /* DKSWebViewController.m in Sources */,
				611E9AED1E52AC8800EAFF43 /* AppDelegate.m in Sources */,
				611E9AEA1E52AC8800EAFF43 /* main.m in Sources */,
				611E9B181E52ADB200EAFF43 /* RootViewController.m in Sources */,
				611E9B1F1E52B07400EAFF43 /* DKSHTMLController.m in Sources */,
			);
			runOnlyForDeploymentPostprocessing = 0;
		};
		611E9AF41E52AC8800EAFF43 /* Sources */ = {
			isa = PBXSourcesBuildPhase;
			buildActionMask = 2147483647;
			files = (
				611E9AFD1E52AC8800EAFF43 /* DKSWebViewTests.m in Sources */,
			);
			runOnlyForDeploymentPostprocessing = 0;
		};
		611E9AFF1E52AC8800EAFF43 /* Sources */ = {
			isa = PBXSourcesBuildPhase;
			buildActionMask = 2147483647;
			files = (
				611E9B081E52AC8800EAFF43 /* DKSWebViewUITests.m in Sources */,
			);
			runOnlyForDeploymentPostprocessing = 0;
		};
/* End PBXSourcesBuildPhase section */

/* Begin PBXTargetDependency section */
		611E9AFA1E52AC8800EAFF43 /* PBXTargetDependency */ = {
			isa = PBXTargetDependency;
			target = 611E9AE41E52AC8800EAFF43 /* DKSWebView */;
			targetProxy = 611E9AF91E52AC8800EAFF43 /* PBXContainerItemProxy */;
		};
		611E9B051E52AC8800EAFF43 /* PBXTargetDependency */ = {
			isa = PBXTargetDependency;
			target = 611E9AE41E52AC8800EAFF43 /* DKSWebView */;
			targetProxy = 611E9B041E52AC8800EAFF43 /* PBXContainerItemProxy */;
		};
/* End PBXTargetDependency section */

/* Begin PBXVariantGroup section */
		611E9AF01E52AC8800EAFF43 /* LaunchScreen.storyboard */ = {
			isa = PBXVariantGroup;
			children = (
				611E9AF11E52AC8800EAFF43 /* Base */,
			);
			name = LaunchScreen.storyboard;
			sourceTree = "<group>";
		};
/* End PBXVariantGroup section */

/* Begin XCBuildConfiguration section */
		611E9B0A1E52AC8800EAFF43 /* Debug */ = {
			isa = XCBuildConfiguration;
			buildSettings = {
				ALWAYS_SEARCH_USER_PATHS = NO;
				CLANG_ANALYZER_NONNULL = YES;
				CLANG_CXX_LANGUAGE_STANDARD = "gnu++0x";
				CLANG_CXX_LIBRARY = "libc++";
				CLANG_ENABLE_MODULES = YES;
				CLANG_ENABLE_OBJC_ARC = YES;
				CLANG_WARN_BOOL_CONVERSION = YES;
				CLANG_WARN_CONSTANT_CONVERSION = YES;
				CLANG_WARN_DIRECT_OBJC_ISA_USAGE = YES_ERROR;
				CLANG_WARN_DOCUMENTATION_COMMENTS = YES;
				CLANG_WARN_EMPTY_BODY = YES;
				CLANG_WARN_ENUM_CONVERSION = YES;
				CLANG_WARN_INFINITE_RECURSION = YES;
				CLANG_WARN_INT_CONVERSION = YES;
				CLANG_WARN_OBJC_ROOT_CLASS = YES_ERROR;
				CLANG_WARN_SUSPICIOUS_MOVE = YES;
				CLANG_WARN_UNREACHABLE_CODE = YES;
				CLANG_WARN__DUPLICATE_METHOD_MATCH = YES;
				"CODE_SIGN_IDENTITY[sdk=iphoneos*]" = "iPhone Developer";
				COPY_PHASE_STRIP = NO;
				DEBUG_INFORMATION_FORMAT = dwarf;
				ENABLE_STRICT_OBJC_MSGSEND = YES;
				ENABLE_TESTABILITY = YES;
				GCC_C_LANGUAGE_STANDARD = gnu99;
				GCC_DYNAMIC_NO_PIC = NO;
				GCC_NO_COMMON_BLOCKS = YES;
				GCC_OPTIMIZATION_LEVEL = 0;
				GCC_PREPROCESSOR_DEFINITIONS = (
					"DEBUG=1",
					"$(inherited)",
				);
				GCC_WARN_64_TO_32_BIT_CONVERSION = YES;
				GCC_WARN_ABOUT_RETURN_TYPE = YES_ERROR;
				GCC_WARN_UNDECLARED_SELECTOR = YES;
				GCC_WARN_UNINITIALIZED_AUTOS = YES_AGGRESSIVE;
				GCC_WARN_UNUSED_FUNCTION = YES;
				GCC_WARN_UNUSED_VARIABLE = YES;
				IPHONEOS_DEPLOYMENT_TARGET = 10.2;
				MTL_ENABLE_DEBUG_INFO = YES;
				ONLY_ACTIVE_ARCH = YES;
				SDKROOT = iphoneos;
				TARGETED_DEVICE_FAMILY = "1,2";
			};
			name = Debug;
		};
		611E9B0B1E52AC8800EAFF43 /* Release */ = {
			isa = XCBuildConfiguration;
			buildSettings = {
				ALWAYS_SEARCH_USER_PATHS = NO;
				CLANG_ANALYZER_NONNULL = YES;
				CLANG_CXX_LANGUAGE_STANDARD = "gnu++0x";
				CLANG_CXX_LIBRARY = "libc++";
				CLANG_ENABLE_MODULES = YES;
				CLANG_ENABLE_OBJC_ARC = YES;
				CLANG_WARN_BOOL_CONVERSION = YES;
				CLANG_WARN_CONSTANT_CONVERSION = YES;
				CLANG_WARN_DIRECT_OBJC_ISA_USAGE = YES_ERROR;
				CLANG_WARN_DOCUMENTATION_COMMENTS = YES;
				CLANG_WARN_EMPTY_BODY = YES;
				CLANG_WARN_ENUM_CONVERSION = YES;
				CLANG_WARN_INFINITE_RECURSION = YES;
				CLANG_WARN_INT_CONVERSION = YES;
				CLANG_WARN_OBJC_ROOT_CLASS = YES_ERROR;
				CLANG_WARN_SUSPICIOUS_MOVE = YES;
				CLANG_WARN_UNREACHABLE_CODE = YES;
				CLANG_WARN__DUPLICATE_METHOD_MATCH = YES;
				"CODE_SIGN_IDENTITY[sdk=iphoneos*]" = "iPhone Developer";
				COPY_PHASE_STRIP = NO;
				DEBUG_INFORMATION_FORMAT = "dwarf-with-dsym";
				ENABLE_NS_ASSERTIONS = NO;
				ENABLE_STRICT_OBJC_MSGSEND = YES;
				GCC_C_LANGUAGE_STANDARD = gnu99;
				GCC_NO_COMMON_BLOCKS = YES;
				GCC_WARN_64_TO_32_BIT_CONVERSION = YES;
				GCC_WARN_ABOUT_RETURN_TYPE = YES_ERROR;
				GCC_WARN_UNDECLARED_SELECTOR = YES;
				GCC_WARN_UNINITIALIZED_AUTOS = YES_AGGRESSIVE;
				GCC_WARN_UNUSED_FUNCTION = YES;
				GCC_WARN_UNUSED_VARIABLE = YES;
				IPHONEOS_DEPLOYMENT_TARGET = 10.2;
				MTL_ENABLE_DEBUG_INFO = NO;
				SDKROOT = iphoneos;
				TARGETED_DEVICE_FAMILY = "1,2";
				VALIDATE_PRODUCT = YES;
			};
			name = Release;
		};
		611E9B0D1E52AC8800EAFF43 /* Debug */ = {
			isa = XCBuildConfiguration;
			buildSettings = {
				ASSETCATALOG_COMPILER_APPICON_NAME = AppIcon;
				DEVELOPMENT_TEAM = X42645MK9G;
				INFOPLIST_FILE = DKSWebView/Info.plist;
				IPHONEOS_DEPLOYMENT_TARGET = 8.0;
				LD_RUNPATH_SEARCH_PATHS = "$(inherited) @executable_path/Frameworks";
				PRODUCT_BUNDLE_IDENTIFIER = com.robooot.DKSWebView;
				PRODUCT_NAME = "$(TARGET_NAME)";
			};
			name = Debug;
		};
		611E9B0E1E52AC8800EAFF43 /* Release */ = {
			isa = XCBuildConfiguration;
			buildSettings = {
				ASSETCATALOG_COMPILER_APPICON_NAME = AppIcon;
				DEVELOPMENT_TEAM = X42645MK9G;
				INFOPLIST_FILE = DKSWebView/Info.plist;
				IPHONEOS_DEPLOYMENT_TARGET = 8.0;
				LD_RUNPATH_SEARCH_PATHS = "$(inherited) @executable_path/Frameworks";
				PRODUCT_BUNDLE_IDENTIFIER = com.robooot.DKSWebView;
				PRODUCT_NAME = "$(TARGET_NAME)";
			};
			name = Release;
		};
		611E9B101E52AC8800EAFF43 /* Debug */ = {
			isa = XCBuildConfiguration;
			buildSettings = {
				BUNDLE_LOADER = "$(TEST_HOST)";
				DEVELOPMENT_TEAM = X42645MK9G;
				INFOPLIST_FILE = DKSWebViewTests/Info.plist;
				LD_RUNPATH_SEARCH_PATHS = "$(inherited) @executable_path/Frameworks @loader_path/Frameworks";
				PRODUCT_BUNDLE_IDENTIFIER = com.robooot.DKSWebViewTests;
				PRODUCT_NAME = "$(TARGET_NAME)";
				TEST_HOST = "$(BUILT_PRODUCTS_DIR)/DKSWebView.app/DKSWebView";
			};
			name = Debug;
		};
		611E9B111E52AC8800EAFF43 /* Release */ = {
			isa = XCBuildConfiguration;
			buildSettings = {
				BUNDLE_LOADER = "$(TEST_HOST)";
				DEVELOPMENT_TEAM = X42645MK9G;
				INFOPLIST_FILE = DKSWebViewTests/Info.plist;
				LD_RUNPATH_SEARCH_PATHS = "$(inherited) @executable_path/Frameworks @loader_path/Frameworks";
				PRODUCT_BUNDLE_IDENTIFIER = com.robooot.DKSWebViewTests;
				PRODUCT_NAME = "$(TARGET_NAME)";
				TEST_HOST = "$(BUILT_PRODUCTS_DIR)/DKSWebView.app/DKSWebView";
			};
			name = Release;
		};
		611E9B131E52AC8800EAFF43 /* Debug */ = {
			isa = XCBuildConfiguration;
			buildSettings = {
				DEVELOPMENT_TEAM = X42645MK9G;
				INFOPLIST_FILE = DKSWebViewUITests/Info.plist;
				LD_RUNPATH_SEARCH_PATHS = "$(inherited) @executable_path/Frameworks @loader_path/Frameworks";
				PRODUCT_BUNDLE_IDENTIFIER = com.robooot.DKSWebViewUITests;
				PRODUCT_NAME = "$(TARGET_NAME)";
				TEST_TARGET_NAME = DKSWebView;
			};
			name = Debug;
		};
		611E9B141E52AC8800EAFF43 /* Release */ = {
			isa = XCBuildConfiguration;
			buildSettings = {
				DEVELOPMENT_TEAM = X42645MK9G;
				INFOPLIST_FILE = DKSWebViewUITests/Info.plist;
				LD_RUNPATH_SEARCH_PATHS = "$(inherited) @executable_path/Frameworks @loader_path/Frameworks";
				PRODUCT_BUNDLE_IDENTIFIER = com.robooot.DKSWebViewUITests;
				PRODUCT_NAME = "$(TARGET_NAME)";
				TEST_TARGET_NAME = DKSWebView;
			};
			name = Release;
		};
/* End XCBuildConfiguration section */

/* Begin XCConfigurationList section */
		611E9AE01E52AC8800EAFF43 /* Build configuration list for PBXProject "DKSWebView" */ = {
			isa = XCConfigurationList;
			buildConfigurations = (
				611E9B0A1E52AC8800EAFF43 /* Debug */,
				611E9B0B1E52AC8800EAFF43 /* Release */,
			);
			defaultConfigurationIsVisible = 0;
			defaultConfigurationName = Release;
		};
		611E9B0C1E52AC8800EAFF43 /* Build configuration list for PBXNativeTarget "DKSWebView" */ = {
			isa = XCConfigurationList;
			buildConfigurations = (
				611E9B0D1E52AC8800EAFF43 /* Debug */,
				611E9B0E1E52AC8800EAFF43 /* Release */,
			);
			defaultConfigurationIsVisible = 0;
		};
		611E9B0F1E52AC8800EAFF43 /* Build configuration list for PBXNativeTarget "DKSWebViewTests" */ = {
			isa = XCConfigurationList;
			buildConfigurations = (
				611E9B101E52AC8800EAFF43 /* Debug */,
				611E9B111E52AC8800EAFF43 /* Release */,
			);
			defaultConfigurationIsVisible = 0;
		};
		611E9B121E52AC8800EAFF43 /* Build configuration list for PBXNativeTarget "DKSWebViewUITests" */ = {
			isa = XCConfigurationList;
			buildConfigurations = (
				611E9B131E52AC8800EAFF43 /* Debug */,
				611E9B141E52AC8800EAFF43 /* Release */,
			);
			defaultConfigurationIsVisible = 0;
		};
/* End XCConfigurationList section */
	};
	rootObject = 611E9ADD1E52AC8800EAFF43 /* Project object */;
}
